
Microsoft Visual Studio Solution File, Format Version 12.00
# Visual Studio 2012
Project("{FAE04EC0-301F-11D3-BF4B-00C04F79EFBC}") = "MvcAurelia", "MvcAurelia\MvcAurelia.csproj", "{6071A6BB-4889-43C5-BB1B-60C229D3BCD3}"
EndProject
Project("{FAE04EC0-301F-11D3-BF4B-00C04F79EFBC}") = "MvcAurelia.Tests", "MvcAurelia.Tests\MvcAurelia.Tests.csproj", "{624CC6B2-FEE5-4733-977F-03AB068AD1BB}"
EndProject
Global
	GlobalSection(SolutionConfigurationPlatforms) = preSolution
		Debug|Any CPU = Debug|Any CPU
		Release|Any CPU = Release|Any CPU
	EndGlobalSection
	GlobalSection(ProjectConfigurationPlatforms) = postSolution
		{6071A6BB-4889-43C5-BB1B-60C229D3BCD3}.Debug|Any CPU.ActiveCfg = Debug|Any CPU
		{6071A6BB-4889-43C5-BB1B-60C229D3BCD3}.Debug|Any CPU.Build.0 = Debug|Any CPU
		{6071A6BB-4889-43C5-BB1B-60C229D3BCD3}.Release|Any CPU.ActiveCfg = Release|Any CPU
		{6071A6BB-4889-43C5-BB1B-60C229D3BCD3}.Release|Any CPU.Build.0 = Release|Any CPU
		{624CC6B2-FEE5-4733-977F-03AB068AD1BB}.Debug|Any CPU.ActiveCfg = Debug|Any CPU
		{624CC6B2-FEE5-4733-977F-03AB068AD1BB}.Debug|Any CPU.Build.0 = Debug|Any CPU
		{624CC6B2-FEE5-4733-977F-03AB068AD1BB}.Release|Any CPU.ActiveCfg = Release|Any CPU
		{624CC6B2-FEE5-4733-977F-03AB068AD1BB}.Release|Any CPU.Build.0 = Release|Any CPU
	EndGlobalSection
	GlobalSection(SolutionProperties) = preSolution
		HideSolutionNode = FALSE
	EndGlobalSection
EndGlobal
